
Microsoft Visual Studio Solution File, Format Version 12.00
# Visual Studio Version 16
VisualStudioVersion = 16.0.29709.97
MinimumVisualStudioVersion = 10.0.40219.1
Project("{9A19103F-16F7-4668-BE54-9A1E7A4F7556}") = "POS_Rezor", "POS_Rezor\POS_Rezor.csproj", "{AB1DC3F5-8837-4D52-87E6-9D5B933086DD}"
EndProject
Project("{9A19103F-16F7-4668-BE54-9A1E7A4F7556}") = "POS_Rezor.Models", "POS_Rezor.Models\POS_Rezor.Models.csproj", "{702E6B8F-0A0C-4E0F-867F-794B52AB9D86}"
EndProject
Project("{9A19103F-16F7-4668-BE54-9A1E7A4F7556}") = "POS_Rezor.Services", "POS_Rezor.Services\POS_Rezor.Services.csproj", "{A96CCAF5-DDAF-4E7F-AD99-0BA07844E094}"
EndProject
Global
	GlobalSection(SolutionConfigurationPlatforms) = preSolution
		Debug|Any CPU = Debug|Any CPU
		Release|Any CPU = Release|Any CPU
	EndGlobalSection
	GlobalSection(ProjectConfigurationPlatforms) = postSolution
		{AB1DC3F5-8837-4D52-87E6-9D5B933086DD}.Debug|Any CPU.ActiveCfg = Debug|Any CPU
		{AB1DC3F5-8837-4D52-87E6-9D5B933086DD}.Debug|Any CPU.Build.0 = Debug|Any CPU
		{AB1DC3F5-8837-4D52-87E6-9D5B933086DD}.Release|Any CPU.ActiveCfg = Release|Any CPU
		{AB1DC3F5-8837-4D52-87E6-9D5B933086DD}.Release|Any CPU.Build.0 = Release|Any CPU
		{702E6B8F-0A0C-4E0F-867F-794B52AB9D86}.Debug|Any CPU.ActiveCfg = Debug|Any CPU
		{702E6B8F-0A0C-4E0F-867F-794B52AB9D86}.Debug|Any CPU.Build.0 = Debug|Any CPU
		{702E6B8F-0A0C-4E0F-867F-794B52AB9D86}.Release|Any CPU.ActiveCfg = Release|Any CPU
		{702E6B8F-0A0C-4E0F-867F-794B52AB9D86}.Release|Any CPU.Build.0 = Release|Any CPU
		{A96CCAF5-DDAF-4E7F-AD99-0BA07844E094}.Debug|Any CPU.ActiveCfg = Debug|Any CPU
		{A96CCAF5-DDAF-4E7F-AD99-0BA07844E094}.Debug|Any CPU.Build.0 = Debug|Any CPU
		{A96CCAF5-DDAF-4E7F-AD99-0BA07844E094}.Release|Any CPU.ActiveCfg = Release|Any CPU
		{A96CCAF5-DDAF-4E7F-AD99-0BA07844E094}.Release|Any CPU.Build.0 = Release|Any CPU
	EndGlobalSection
	GlobalSection(SolutionProperties) = preSolution
		HideSolutionNode = FALSE
	EndGlobalSection
	GlobalSection(ExtensibilityGlobals) = postSolution
		SolutionGuid = {FFC4CF0F-6A7B-44D0-87C0-96CBDB168B09}
	EndGlobalSection
EndGlobal
